// !$*UTF8*$!
{
	archiveVersion = 1;
	classes = {
	};
	objectVersion = 56;
	objects = {

/* Begin PBXBuildFile section */
		61C88E0C0A8B7053B2F1287C /* Pods_OperationQueuePhotos.framework in Frameworks */ = {isa = PBXBuildFile; fileRef = 58A56926B0F26FE48BDC8BA7 /* Pods_OperationQueuePhotos.framework */; };
		96E879E3294DC73000A671F2 /* AppDelegate.swift in Sources */ = {isa = PBXBuildFile; fileRef = 96E879E2294DC73000A671F2 /* AppDelegate.swift */; };
		96E879E5294DC73000A671F2 /* SceneDelegate.swift in Sources */ = {isa = PBXBuildFile; fileRef = 96E879E4294DC73000A671F2 /* SceneDelegate.swift */; };
		96E879E7294DC73000A671F2 /* ViewController.swift in Sources */ = {isa = PBXBuildFile; fileRef = 96E879E6294DC73000A671F2 /* ViewController.swift */; };
		96E879EA294DC73000A671F2 /* Main.storyboard in Resources */ = {isa = PBXBuildFile; fileRef = 96E879E8294DC73000A671F2 /* Main.storyboard */; };
		96E879EC294DC73100A671F2 /* Assets.xcassets in Resources */ = {isa = PBXBuildFile; fileRef = 96E879EB294DC73100A671F2 /* Assets.xcassets */; };
		96E879EF294DC73100A671F2 /* LaunchScreen.storyboard in Resources */ = {isa = PBXBuildFile; fileRef = 96E879ED294DC73100A671F2 /* LaunchScreen.storyboard */; };
		96E879F9294DC8BC00A671F2 /* PhotoCell.swift in Sources */ = {isa = PBXBuildFile; fileRef = 96E879F7294DC8BC00A671F2 /* PhotoCell.swift */; };
		96E879FA294DC8BC00A671F2 /* PhotoCell.xib in Resources */ = {isa = PBXBuildFile; fileRef = 96E879F8294DC8BC00A671F2 /* PhotoCell.xib */; };
/* End PBXBuildFile section */

/* Begin PBXFileReference section */
		1269FB21FF89740FB1BD2B6E /* Pods-OperationQueuePhotos.debug.xcconfig */ = {isa = PBXFileReference; includeInIndex = 1; lastKnownFileType = text.xcconfig; name = "Pods-OperationQueuePhotos.debug.xcconfig"; path = "Target Support Files/Pods-OperationQueuePhotos/Pods-OperationQueuePhotos.debug.xcconfig"; sourceTree = "<group>"; };
		58A56926B0F26FE48BDC8BA7 /* Pods_OperationQueuePhotos.framework */ = {isa = PBXFileReference; explicitFileType = wrapper.framework; includeInIndex = 0; path = Pods_OperationQueuePhotos.framework; sourceTree = BUILT_PRODUCTS_DIR; };
		62E7D1BC66F8A6A4A17EB4A9 /* Pods-OperationQueuePhotos.release.xcconfig */ = {isa = PBXFileReference; includeInIndex = 1; lastKnownFileType = text.xcconfig; name = "Pods-OperationQueuePhotos.release.xcconfig"; path = "Target Support Files/Pods-OperationQueuePhotos/Pods-OperationQueuePhotos.release.xcconfig"; sourceTree = "<group>"; };
		96E879DF294DC73000A671F2 /* OperationQueuePhotos.app */ = {isa = PBXFileReference; explicitFileType = wrapper.application; includeInIndex = 0; path = OperationQueuePhotos.app; sourceTree = BUILT_PRODUCTS_DIR; };
		96E879E2294DC73000A671F2 /* AppDelegate.swift */ = {isa = PBXFileReference; lastKnownFileType = sourcecode.swift; path = AppDelegate.swift; sourceTree = "<group>"; };
		96E879E4294DC73000A671F2 /* SceneDelegate.swift */ = {isa = PBXFileReference; lastKnownFileType = sourcecode.swift; path = SceneDelegate.swift; sourceTree = "<group>"; };
		96E879E6294DC73000A671F2 /* ViewController.swift */ = {isa = PBXFileReference; lastKnownFileType = sourcecode.swift; path = ViewController.swift; sourceTree = "<group>"; };
		96E879E9294DC73000A671F2 /* Base */ = {isa = PBXFileReference; lastKnownFileType = file.storyboard; name = Base; path = Base.lproj/Main.storyboard; sourceTree = "<group>"; };
		96E879EB294DC73100A671F2 /* Assets.xcassets */ = {isa = PBXFileReference; lastKnownFileType = folder.assetcatalog; path = Assets.xcassets; sourceTree = "<group>"; };
		96E879EE294DC73100A671F2 /* Base */ = {isa = PBXFileReference; lastKnownFileType = file.storyboard; name = Base; path = Base.lproj/LaunchScreen.storyboard; sourceTree = "<group>"; };
		96E879F0294DC73100A671F2 /* Info.plist */ = {isa = PBXFileReference; lastKnownFileType = text.plist.xml; path = Info.plist; sourceTree = "<group>"; };
		96E879F7294DC8BC00A671F2 /* PhotoCell.swift */ = {isa = PBXFileReference; lastKnownFileType = sourcecode.swift; path = PhotoCell.swift; sourceTree = "<group>"; };
		96E879F8294DC8BC00A671F2 /* PhotoCell.xib */ = {isa = PBXFileReference; lastKnownFileType = file.xib; path = PhotoCell.xib; sourceTree = "<group>"; };
/* End PBXFileReference section */

/* Begin PBXFrameworksBuildPhase section */
		96E879DC294DC73000A671F2 /* Frameworks */ = {
			isa = PBXFrameworksBuildPhase;
			buildActionMask = 2147483647;
			files = (
				61C88E0C0A8B7053B2F1287C /* Pods_OperationQueuePhotos.framework in Frameworks */,
			);
			runOnlyForDeploymentPostprocessing = 0;
		};
/* End PBXFrameworksBuildPhase section */

/* Begin PBXGroup section */
		39908E624346BDC4E68B9AF6 /* Pods */ = {
			isa = PBXGroup;
			children = (
				1269FB21FF89740FB1BD2B6E /* Pods-OperationQueuePhotos.debug.xcconfig */,
				62E7D1BC66F8A6A4A17EB4A9 /* Pods-OperationQueuePhotos.release.xcconfig */,
			);
			path = Pods;
			sourceTree = "<group>";
		};
		4803F939DD52040DA6BD6FE3 /* Frameworks */ = {
			isa = PBXGroup;
			children = (
				58A56926B0F26FE48BDC8BA7 /* Pods_OperationQueuePhotos.framework */,
			);
			name = Frameworks;
			sourceTree = "<group>";
		};
		961F5F24294EBE2B003E84A9 /* Scenes */ = {
			isa = PBXGroup;
			children = (
				96E879F6294DC89100A671F2 /* Cell */,
				96E879E6294DC73000A671F2 /* ViewController.swift */,
				96E879E8294DC73000A671F2 /* Main.storyboard */,
				96E879ED294DC73100A671F2 /* LaunchScreen.storyboard */,
			);
			path = Scenes;
			sourceTree = "<group>";
		};
		961F5F25294EBE3E003E84A9 /* Application */ = {
			isa = PBXGroup;
			children = (
				96E879E2294DC73000A671F2 /* AppDelegate.swift */,
				96E879E4294DC73000A671F2 /* SceneDelegate.swift */,
			);
			path = Application;
			sourceTree = "<group>";
		};
		961F5F26294EBE56003E84A9 /* Operations */ = {
			isa = PBXGroup;
			children = (
			);
			path = Operations;
			sourceTree = "<group>";
		};
		96E879D6294DC73000A671F2 = {
			isa = PBXGroup;
			children = (
				96E879E1294DC73000A671F2 /* OperationQueuePhotos */,
				96E879E0294DC73000A671F2 /* Products */,
				39908E624346BDC4E68B9AF6 /* Pods */,
				4803F939DD52040DA6BD6FE3 /* Frameworks */,
			);
			sourceTree = "<group>";
		};
		96E879E0294DC73000A671F2 /* Products */ = {
			isa = PBXGroup;
			children = (
				96E879DF294DC73000A671F2 /* OperationQueuePhotos.app */,
			);
			name = Products;
			sourceTree = "<group>";
		};
		96E879E1294DC73000A671F2 /* OperationQueuePhotos */ = {
			isa = PBXGroup;
			children = (
				961F5F26294EBE56003E84A9 /* Operations */,
				961F5F25294EBE3E003E84A9 /* Application */,
				961F5F24294EBE2B003E84A9 /* Scenes */,
				96E879EB294DC73100A671F2 /* Assets.xcassets */,
				96E879F0294DC73100A671F2 /* Info.plist */,
			);
			path = OperationQueuePhotos;
			sourceTree = "<group>";
		};
		96E879F6294DC89100A671F2 /* Cell */ = {
			isa = PBXGroup;
			children = (
				96E879F7294DC8BC00A671F2 /* PhotoCell.swift */,
				96E879F8294DC8BC00A671F2 /* PhotoCell.xib */,
			);
			path = Cell;
			sourceTree = "<group>";
		};
/* End PBXGroup section */

/* Begin PBXNativeTarget section */
		96E879DE294DC73000A671F2 /* OperationQueuePhotos */ = {
			isa = PBXNativeTarget;
			buildConfigurationList = 96E879F3294DC73100A671F2 /* Build configuration list for PBXNativeTarget "OperationQueuePhotos" */;
			buildPhases = (
				5C62452078FBB7AC512FCB32 /* [CP] Check Pods Manifest.lock */,
				96E879DB294DC73000A671F2 /* Sources */,
				96E879DC294DC73000A671F2 /* Frameworks */,
				96E879DD294DC73000A671F2 /* Resources */,
				27921632CA1D30F6B8134FB9 /* [CP] Embed Pods Frameworks */,
			);
			buildRules = (
			);
			dependencies = (
			);
			name = OperationQueuePhotos;
			productName = OperationQueuePhotos;
			productReference = 96E879DF294DC73000A671F2 /* OperationQueuePhotos.app */;
			productType = "com.apple.product-type.application";
		};
/* End PBXNativeTarget section */

/* Begin PBXProject section */
		96E879D7294DC73000A671F2 /* Project object */ = {
			isa = PBXProject;
			attributes = {
				BuildIndependentTargetsInParallel = 1;
				LastSwiftUpdateCheck = 1410;
				LastUpgradeCheck = 1410;
				TargetAttributes = {
					96E879DE294DC73000A671F2 = {
						CreatedOnToolsVersion = 14.1;
					};
				};
			};
			buildConfigurationList = 96E879DA294DC73000A671F2 /* Build configuration list for PBXProject "OperationQueuePhotos" */;
			compatibilityVersion = "Xcode 14.0";
			developmentRegion = en;
			hasScannedForEncodings = 0;
			knownRegions = (
				en,
				Base,
			);
			mainGroup = 96E879D6294DC73000A671F2;
			productRefGroup = 96E879E0294DC73000A671F2 /* Products */;
			projectDirPath = "";
			projectRoot = "";
			targets = (
				96E879DE294DC73000A671F2 /* OperationQueuePhotos */,
			);
		};
/* End PBXProject section */

/* Begin PBXResourcesBuildPhase section */
		96E879DD294DC73000A671F2 /* Resources */ = {
			isa = PBXResourcesBuildPhase;
			buildActionMask = 2147483647;
			files = (
				96E879FA294DC8BC00A671F2 /* PhotoCell.xib in Resources */,
				96E879EF294DC73100A671F2 /* LaunchScreen.storyboard in Resources */,
				96E879EC294DC73100A671F2 /* Assets.xcassets in Resources */,
				96E879EA294DC73000A671F2 /* Main.storyboard in Resources */,
			);
			runOnlyForDeploymentPostprocessing = 0;
		};
/* End PBXResourcesBuildPhase section */

/* Begin PBXShellScriptBuildPhase section */
		27921632CA1D30F6B8134FB9 /* [CP] Embed Pods Frameworks */ = {
			isa = PBXShellScriptBuildPhase;
			buildActionMask = 2147483647;
			files = (
			);
			inputFileListPaths = (
				"${PODS_ROOT}/Target Support Files/Pods-OperationQueuePhotos/Pods-OperationQueuePhotos-frameworks-${CONFIGURATION}-input-files.xcfilelist",
			);
			name = "[CP] Embed Pods Frameworks";
			outputFileListPaths = (
				"${PODS_ROOT}/Target Support Files/Pods-OperationQueuePhotos/Pods-OperationQueuePhotos-frameworks-${CONFIGURATION}-output-files.xcfilelist",
			);
			runOnlyForDeploymentPostprocessing = 0;
			shellPath = /bin/sh;
			shellScript = "\"${PODS_ROOT}/Target Support Files/Pods-OperationQueuePhotos/Pods-OperationQueuePhotos-frameworks.sh\"\n";
			showEnvVarsInLog = 0;
		};
		5C62452078FBB7AC512FCB32 /* [CP] Check Pods Manifest.lock */ = {
			isa = PBXShellScriptBuildPhase;
			buildActionMask = 2147483647;
			files = (
			);
			inputFileListPaths = (
			);
			inputPaths = (
				"${PODS_PODFILE_DIR_PATH}/Podfile.lock",
				"${PODS_ROOT}/Manifest.lock",
			);
			name = "[CP] Check Pods Manifest.lock";
			outputFileListPaths = (
			);
			outputPaths = (
				"$(DERIVED_FILE_DIR)/Pods-OperationQueuePhotos-checkManifestLockResult.txt",
			);
			runOnlyForDeploymentPostprocessing = 0;
			shellPath = /bin/sh;
			shellScript = "diff \"${PODS_PODFILE_DIR_PATH}/Podfile.lock\" \"${PODS_ROOT}/Manifest.lock\" > /dev/null\nif [ $? != 0 ] ; then\n    # print error to STDERR\n    echo \"error: The sandbox is not in sync with the Podfile.lock. Run 'pod install' or update your CocoaPods installation.\" >&2\n    exit 1\nfi\n# This output is used by Xcode 'outputs' to avoid re-running this script phase.\necho \"SUCCESS\" > \"${SCRIPT_OUTPUT_FILE_0}\"\n";
			showEnvVarsInLog = 0;
		};
/* End PBXShellScriptBuildPhase section */

/* Begin PBXSourcesBuildPhase section */
		96E879DB294DC73000A671F2 /* Sources */ = {
			isa = PBXSourcesBuildPhase;
			buildActionMask = 2147483647;
			files = (
				96E879F9294DC8BC00A671F2 /* PhotoCell.swift in Sources */,
				96E879E7294DC73000A671F2 /* ViewController.swift in Sources */,
				96E879E3294DC73000A671F2 /* AppDelegate.swift in Sources */,
				96E879E5294DC73000A671F2 /* SceneDelegate.swift in Sources */,
			);
			runOnlyForDeploymentPostprocessing = 0;
		};
/* End PBXSourcesBuildPhase section */

/* Begin PBXVariantGroup section */
		96E879E8294DC73000A671F2 /* Main.storyboard */ = {
			isa = PBXVariantGroup;
			children = (
				96E879E9294DC73000A671F2 /* Base */,
			);
			name = Main.storyboard;
			sourceTree = "<group>";
		};
		96E879ED294DC73100A671F2 /* LaunchScreen.storyboard */ = {
			isa = PBXVariantGroup;
			children = (
				96E879EE294DC73100A671F2 /* Base */,
			);
			name = LaunchScreen.storyboard;
			sourceTree = "<group>";
		};
/* End PBXVariantGroup section */

/* Begin XCBuildConfiguration section */
		96E879F1294DC73100A671F2 /* Debug */ = {
			isa = XCBuildConfiguration;
			buildSettings = {
				ALWAYS_SEARCH_USER_PATHS = NO;
				CLANG_ANALYZER_NONNULL = YES;
				CLANG_ANALYZER_NUMBER_OBJECT_CONVERSION = YES_AGGRESSIVE;
				CLANG_CXX_LANGUAGE_STANDARD = "gnu++20";
				CLANG_ENABLE_MODULES = YES;
				CLANG_ENABLE_OBJC_ARC = YES;
				CLANG_ENABLE_OBJC_WEAK = YES;
				CLANG_WARN_BLOCK_CAPTURE_AUTORELEASING = YES;
				CLANG_WARN_BOOL_CONVERSION = YES;
				CLANG_WARN_COMMA = YES;
				CLANG_WARN_CONSTANT_CONVERSION = YES;
				CLANG_WARN_DEPRECATED_OBJC_IMPLEMENTATIONS = YES;
				CLANG_WARN_DIRECT_OBJC_ISA_USAGE = YES_ERROR;
				CLANG_WARN_DOCUMENTATION_COMMENTS = YES;
				CLANG_WARN_EMPTY_BODY = YES;
				CLANG_WARN_ENUM_CONVERSION = YES;
				CLANG_WARN_INFINITE_RECURSION = YES;
				CLANG_WARN_INT_CONVERSION = YES;
				CLANG_WARN_NON_LITERAL_NULL_CONVERSION = YES;
				CLANG_WARN_OBJC_IMPLICIT_RETAIN_SELF = YES;
				CLANG_WARN_OBJC_LITERAL_CONVERSION = YES;
				CLANG_WARN_OBJC_ROOT_CLASS = YES_ERROR;
				CLANG_WARN_QUOTED_INCLUDE_IN_FRAMEWORK_HEADER = YES;
				CLANG_WARN_RANGE_LOOP_ANALYSIS = YES;
				CLANG_WARN_STRICT_PROTOTYPES = YES;
				CLANG_WARN_SUSPICIOUS_MOVE = YES;
				CLANG_WARN_UNGUARDED_AVAILABILITY = YES_AGGRESSIVE;
				CLANG_WARN_UNREACHABLE_CODE = YES;
				CLANG_WARN__DUPLICATE_METHOD_MATCH = YES;
				COPY_PHASE_STRIP = NO;
				DEBUG_INFORMATION_FORMAT = dwarf;
				ENABLE_STRICT_OBJC_MSGSEND = YES;
				ENABLE_TESTABILITY = YES;
				GCC_C_LANGUAGE_STANDARD = gnu11;
				GCC_DYNAMIC_NO_PIC = NO;
				GCC_NO_COMMON_BLOCKS = YES;
				GCC_OPTIMIZATION_LEVEL = 0;
				GCC_PREPROCESSOR_DEFINITIONS = (
					"DEBUG=1",
					"$(inherited)",
				);
				GCC_WARN_64_TO_32_BIT_CONVERSION = YES;
				GCC_WARN_ABOUT_RETURN_TYPE = YES_ERROR;
				GCC_WARN_UNDECLARED_SELECTOR = YES;
				GCC_WARN_UNINITIALIZED_AUTOS = YES_AGGRESSIVE;
				GCC_WARN_UNUSED_FUNCTION = YES;
				GCC_WARN_UNUSED_VARIABLE = YES;
				IPHONEOS_DEPLOYMENT_TARGET = 13.0;
				MTL_ENABLE_DEBUG_INFO = INCLUDE_SOURCE;
				MTL_FAST_MATH = YES;
				ONLY_ACTIVE_ARCH = YES;
				SDKROOT = iphoneos;
				SWIFT_ACTIVE_COMPILATION_CONDITIONS = DEBUG;
				SWIFT_OPTIMIZATION_LEVEL = "-Onone";
			};
			name = Debug;
		};
		96E879F2294DC73100A671F2 /* Release */ = {
			isa = XCBuildConfiguration;
			buildSettings = {
				ALWAYS_SEARCH_USER_PATHS = NO;
				CLANG_ANALYZER_NONNULL = YES;
				CLANG_ANALYZER_NUMBER_OBJECT_CONVERSION = YES_AGGRESSIVE;
				CLANG_CXX_LANGUAGE_STANDARD = "gnu++20";
				CLANG_ENABLE_MODULES = YES;
				CLANG_ENABLE_OBJC_ARC = YES;
				CLANG_ENABLE_OBJC_WEAK = YES;
				CLANG_WARN_BLOCK_CAPTURE_AUTORELEASING = YES;
				CLANG_WARN_BOOL_CONVERSION = YES;
				CLANG_WARN_COMMA = YES;
				CLANG_WARN_CONSTANT_CONVERSION = YES;
				CLANG_WARN_DEPRECATED_OBJC_IMPLEMENTATIONS = YES;
				CLANG_WARN_DIRECT_OBJC_ISA_USAGE = YES_ERROR;
				CLANG_WARN_DOCUMENTATION_COMMENTS = YES;
				CLANG_WARN_EMPTY_BODY = YES;
				CLANG_WARN_ENUM_CONVERSION = YES;
				CLANG_WARN_INFINITE_RECURSION = YES;
				CLANG_WARN_INT_CONVERSION = YES;
				CLANG_WARN_NON_LITERAL_NULL_CONVERSION = YES;
				CLANG_WARN_OBJC_IMPLICIT_RETAIN_SELF = YES;
				CLANG_WARN_OBJC_LITERAL_CONVERSION = YES;
				CLANG_WARN_OBJC_ROOT_CLASS = YES_ERROR;
				CLANG_WARN_QUOTED_INCLUDE_IN_FRAMEWORK_HEADER = YES;
				CLANG_WARN_RANGE_LOOP_ANALYSIS = YES;
				CLANG_WARN_STRICT_PROTOTYPES = YES;
				CLANG_WARN_SUSPICIOUS_MOVE = YES;
				CLANG_WARN_UNGUARDED_AVAILABILITY = YES_AGGRESSIVE;
				CLANG_WARN_UNREACHABLE_CODE = YES;
				CLANG_WARN__DUPLICATE_METHOD_MATCH = YES;
				COPY_PHASE_STRIP = NO;
				DEBUG_INFORMATION_FORMAT = "dwarf-with-dsym";
				ENABLE_NS_ASSERTIONS = NO;
				ENABLE_STRICT_OBJC_MSGSEND = YES;
				GCC_C_LANGUAGE_STANDARD = gnu11;
				GCC_NO_COMMON_BLOCKS = YES;
				GCC_WARN_64_TO_32_BIT_CONVERSION = YES;
				GCC_WARN_ABOUT_RETURN_TYPE = YES_ERROR;
				GCC_WARN_UNDECLARED_SELECTOR = YES;
				GCC_WARN_UNINITIALIZED_AUTOS = YES_AGGRESSIVE;
				GCC_WARN_UNUSED_FUNCTION = YES;
				GCC_WARN_UNUSED_VARIABLE = YES;
				IPHONEOS_DEPLOYMENT_TARGET = 13.0;
				MTL_ENABLE_DEBUG_INFO = NO;
				MTL_FAST_MATH = YES;
				SDKROOT = iphoneos;
				SWIFT_COMPILATION_MODE = wholemodule;
				SWIFT_OPTIMIZATION_LEVEL = "-O";
				VALIDATE_PRODUCT = YES;
			};
			name = Release;
		};
		96E879F4294DC73100A671F2 /* Debug */ = {
			isa = XCBuildConfiguration;
			baseConfigurationReference = 1269FB21FF89740FB1BD2B6E /* Pods-OperationQueuePhotos.debug.xcconfig */;
			buildSettings = {
				ASSETCATALOG_COMPILER_APPICON_NAME = AppIcon;
				ASSETCATALOG_COMPILER_GLOBAL_ACCENT_COLOR_NAME = AccentColor;
				CODE_SIGN_STYLE = Automatic;
				CURRENT_PROJECT_VERSION = 1;
				GENERATE_INFOPLIST_FILE = YES;
				INFOPLIST_FILE = OperationQueuePhotos/Info.plist;
				INFOPLIST_KEY_UIApplicationSupportsIndirectInputEvents = YES;
				INFOPLIST_KEY_UILaunchStoryboardName = LaunchScreen;
				INFOPLIST_KEY_UIMainStoryboardFile = Main;
				INFOPLIST_KEY_UISupportedInterfaceOrientations_iPad = "UIInterfaceOrientationPortrait UIInterfaceOrientationPortraitUpsideDown UIInterfaceOrientationLandscapeLeft UIInterfaceOrientationLandscapeRight";
				INFOPLIST_KEY_UISupportedInterfaceOrientations_iPhone = "UIInterfaceOrientationPortrait UIInterfaceOrientationLandscapeLeft UIInterfaceOrientationLandscapeRight";
				IPHONEOS_DEPLOYMENT_TARGET = 13.0;
				LD_RUNPATH_SEARCH_PATHS = (
					"$(inherited)",
					"@executable_path/Frameworks",
				);
				MARKETING_VERSION = 1.0;
				PRODUCT_BUNDLE_IDENTIFIER = cuong.ios.OperationQueuePhotos;
				PRODUCT_NAME = "$(TARGET_NAME)";
				SWIFT_EMIT_LOC_STRINGS = YES;
				SWIFT_VERSION = 5.0;
				TARGETED_DEVICE_FAMILY = "1,2";
			};
			name = Debug;
		};
		96E879F5294DC73100A671F2 /* Release */ = {
			isa = XCBuildConfiguration;
			baseConfigurationReference = 62E7D1BC66F8A6A4A17EB4A9 /* Pods-OperationQueuePhotos.release.xcconfig */;
			buildSettings = {
				ASSETCATALOG_COMPILER_APPICON_NAME = AppIcon;
				ASSETCATALOG_COMPILER_GLOBAL_ACCENT_COLOR_NAME = AccentColor;
				CODE_SIGN_STYLE = Automatic;
				CURRENT_PROJECT_VERSION = 1;
				GENERATE_INFOPLIST_FILE = YES;
				INFOPLIST_FILE = OperationQueuePhotos/Info.plist;
				INFOPLIST_KEY_UIApplicationSupportsIndirectInputEvents = YES;
				INFOPLIST_KEY_UILaunchStoryboardName = LaunchScreen;
				INFOPLIST_KEY_UIMainStoryboardFile = Main;
				INFOPLIST_KEY_UISupportedInterfaceOrientations_iPad = "UIInterfaceOrientationPortrait UIInterfaceOrientationPortraitUpsideDown UIInterfaceOrientationLandscapeLeft UIInterfaceOrientationLandscapeRight";
				INFOPLIST_KEY_UISupportedInterfaceOrientations_iPhone = "UIInterfaceOrientationPortrait UIInterfaceOrientationLandscapeLeft UIInterfaceOrientationLandscapeRight";
				IPHONEOS_DEPLOYMENT_TARGET = 13.0;
				LD_RUNPATH_SEARCH_PATHS = (
					"$(inherited)",
					"@executable_path/Frameworks",
				);
				MARKETING_VERSION = 1.0;
				PRODUCT_BUNDLE_IDENTIFIER = cuong.ios.OperationQueuePhotos;
				PRODUCT_NAME = "$(TARGET_NAME)";
				SWIFT_EMIT_LOC_STRINGS = YES;
				SWIFT_VERSION = 5.0;
				TARGETED_DEVICE_FAMILY = "1,2";
			};
			name = Release;
		};
/* End XCBuildConfiguration section */

/* Begin XCConfigurationList section */
		96E879DA294DC73000A671F2 /* Build configuration list for PBXProject "OperationQueuePhotos" */ = {
			isa = XCConfigurationList;
			buildConfigurations = (
				96E879F1294DC73100A671F2 /* Debug */,
				96E879F2294DC73100A671F2 /* Release */,
			);
			defaultConfigurationIsVisible = 0;
			defaultConfigurationName = Release;
		};
		96E879F3294DC73100A671F2 /* Build configuration list for PBXNativeTarget "OperationQueuePhotos" */ = {
			isa = XCConfigurationList;
			buildConfigurations = (
				96E879F4294DC73100A671F2 /* Debug */,
				96E879F5294DC73100A671F2 /* Release */,
			);
			defaultConfigurationIsVisible = 0;
			defaultConfigurationName = Release;
		};
/* End XCConfigurationList section */
	};
	rootObject = 96E879D7294DC73000A671F2 /* Project object */;
}
